<Solution>
  <Project Path="Assembly-CSharp.csproj" />
  <Project Path="Assembly-CSharp-Editor.csproj" />
  <Project Path="Tjtjdgns9290.Inunityregistry.Tests.csproj" />
  <Project Path="Tjtjdgns9290.Inunityregistry.Editor.Tests.csproj" />
  <Project Path="Tjtjdgns9290.Inunityregistry.Editor.csproj" />
  <Project Path="Tjtjdgns9290.Inunityregistry.csproj" />
</Solution>
